// !$*UTF8*$!
{
	archiveVersion = 1;
	classes = {
	};
	objectVersion = 45;
	objects = {

/* Begin PBXBuildFile section */
		1D3623260D0F684500981E51 /* DomainrAppDelegate.m in Sources */ = {isa = PBXBuildFile; fileRef = 1D3623250D0F684500981E51 /* DomainrAppDelegate.m */; };
		1D60589B0D05DD56006BFB54 /* main.m in Sources */ = {isa = PBXBuildFile; fileRef = 29B97316FDCFA39411CA2CEA /* main.m */; };
		1D60589F0D05DD5A006BFB54 /* Foundation.framework in Frameworks */ = {isa = PBXBuildFile; fileRef = 1D30AB110D05D00D00671497 /* Foundation.framework */; };
		1DF5F4E00D08C38300B7A737 /* UIKit.framework in Frameworks */ = {isa = PBXBuildFile; fileRef = 1DF5F4DF0D08C38300B7A737 /* UIKit.framework */; };
		288765FD0DF74451002DB57D /* CoreGraphics.framework in Frameworks */ = {isa = PBXBuildFile; fileRef = 288765FC0DF74451002DB57D /* CoreGraphics.framework */; };
		28AD733F0D9D9553002E5188 /* MainWindow.xib in Resources */ = {isa = PBXBuildFile; fileRef = 28AD733E0D9D9553002E5188 /* MainWindow.xib */; };
		BA569DBB108DAD53004D5EB6 /* TopShadow.png in Resources */ = {isa = PBXBuildFile; fileRef = BA569DBA108DAD53004D5EB6 /* TopShadow.png */; };
		BA6F3392107996B7002A3A22 /* UITableView+Extensions.m in Sources */ = {isa = PBXBuildFile; fileRef = BA6F3390107996B7002A3A22 /* UITableView+Extensions.m */; };
		BA6F3395107996BF002A3A22 /* NSObject+Extensions.m in Sources */ = {isa = PBXBuildFile; fileRef = BA6F3393107996BF002A3A22 /* NSObject+Extensions.m */; };
		BA6F33AE10799736002A3A22 /* NSUserDefaults+Extensions.m in Sources */ = {isa = PBXBuildFile; fileRef = BA6F33AC10799736002A3A22 /* NSUserDefaults+Extensions.m */; };
		BA8A7D850FE4E44D00D5907E /* tld.png in Resources */ = {isa = PBXBuildFile; fileRef = BA8A7D840FE4E44D00D5907E /* tld.png */; };
		BA9D0D310FCA4E7100E2B262 /* MainViewController.m in Sources */ = {isa = PBXBuildFile; fileRef = BA9D0D300FCA4E7100E2B262 /* MainViewController.m */; };
		BA9D0D480FCA4FC100E2B262 /* CDataScanner.m in Sources */ = {isa = PBXBuildFile; fileRef = BA9D0D390FCA4FC000E2B262 /* CDataScanner.m */; };
		BA9D0D490FCA4FC100E2B262 /* CDataScanner_Extensions.m in Sources */ = {isa = PBXBuildFile; fileRef = BA9D0D3B0FCA4FC000E2B262 /* CDataScanner_Extensions.m */; };
		BA9D0D4A0FCA4FC100E2B262 /* NSCharacterSet_Extensions.m in Sources */ = {isa = PBXBuildFile; fileRef = BA9D0D3D0FCA4FC000E2B262 /* NSCharacterSet_Extensions.m */; };
		BA9D0D4B0FCA4FC100E2B262 /* NSDictionary_JSONExtensions.m in Sources */ = {isa = PBXBuildFile; fileRef = BA9D0D3F0FCA4FC000E2B262 /* NSDictionary_JSONExtensions.m */; };
		BA9D0D4C0FCA4FC100E2B262 /* NSScanner_Extensions.m in Sources */ = {isa = PBXBuildFile; fileRef = BA9D0D410FCA4FC000E2B262 /* NSScanner_Extensions.m */; };
		BA9D0D4D0FCA4FC100E2B262 /* CJSONDeserializer.m in Sources */ = {isa = PBXBuildFile; fileRef = BA9D0D430FCA4FC000E2B262 /* CJSONDeserializer.m */; };
		BA9D0D4E0FCA4FC100E2B262 /* CJSONScanner.m in Sources */ = {isa = PBXBuildFile; fileRef = BA9D0D450FCA4FC100E2B262 /* CJSONScanner.m */; };
		BA9D0D4F0FCA4FC100E2B262 /* CJSONSerializer.m in Sources */ = {isa = PBXBuildFile; fileRef = BA9D0D470FCA4FC100E2B262 /* CJSONSerializer.m */; };
		BA9D0DD50FCA5FDB00E2B262 /* libsqlite3.0.dylib in Frameworks */ = {isa = PBXBuildFile; fileRef = BA9D0DD40FCA5FDB00E2B262 /* libsqlite3.0.dylib */; };
		BA9D0DD70FCA5FE900E2B262 /* CoreLocation.framework in Frameworks */ = {isa = PBXBuildFile; fileRef = BA9D0DD60FCA5FE900E2B262 /* CoreLocation.framework */; };
		BA9D0DDB0FCA602300E2B262 /* SystemConfiguration.framework in Frameworks */ = {isa = PBXBuildFile; fileRef = BA9D0DDA0FCA602300E2B262 /* SystemConfiguration.framework */; };
		BA9D0EF10FCA67B600E2B262 /* maybe.png in Resources */ = {isa = PBXBuildFile; fileRef = BA9D0EF00FCA67B600E2B262 /* maybe.png */; };
		BA9D0EF30FCA67BA00E2B262 /* available.png in Resources */ = {isa = PBXBuildFile; fileRef = BA9D0EF20FCA67BA00E2B262 /* available.png */; };
		BA9D0EFB0FCA682700E2B262 /* ResultCell.m in Sources */ = {isa = PBXBuildFile; fileRef = BA9D0EF70FCA682700E2B262 /* ResultCell.m */; };
		BA9D0F190FCA69F000E2B262 /* taken.png in Resources */ = {isa = PBXBuildFile; fileRef = BA9D0F180FCA69F000E2B262 /* taken.png */; };
		BA9D10F20FCA8DA200E2B262 /* Entitlements.plist in Resources */ = {isa = PBXBuildFile; fileRef = BA9D10F10FCA8DA200E2B262 /* Entitlements.plist */; };
		BA9D11160FCA8F4300E2B262 /* icon.png in Resources */ = {isa = PBXBuildFile; fileRef = BA9D11150FCA8F4300E2B262 /* icon.png */; };
		BAAD93C3108C01AA00A27DC6 /* NSString+Extensions.m in Sources */ = {isa = PBXBuildFile; fileRef = BAAD93C1108C01AA00A27DC6 /* NSString+Extensions.m */; };
		BAAD93E2108C1D3200A27DC6 /* NSScanner+Extensions.m in Sources */ = {isa = PBXBuildFile; fileRef = BAAD93E0108C1D3200A27DC6 /* NSScanner+Extensions.m */; };
		BAAD9407108C1DC700A27DC6 /* MainViewController.xib in Resources */ = {isa = PBXBuildFile; fileRef = BAAD9406108C1DC700A27DC6 /* MainViewController.xib */; };
		BAAD9460108C253900A27DC6 /* Reachability.m in Sources */ = {isa = PBXBuildFile; fileRef = BAAD945F108C253900A27DC6 /* Reachability.m */; };
		BAD5C01A107D9C4000C819F4 /* Result.m in Sources */ = {isa = PBXBuildFile; fileRef = BAD5C019107D9C4000C819F4 /* Result.m */; };
/* End PBXBuildFile section */

/* Begin PBXFileReference section */
		1D30AB110D05D00D00671497 /* Foundation.framework */ = {isa = PBXFileReference; lastKnownFileType = wrapper.framework; name = Foundation.framework; path = System/Library/Frameworks/Foundation.framework; sourceTree = SDKROOT; };
		1D3623240D0F684500981E51 /* DomainrAppDelegate.h */ = {isa = PBXFileReference; fileEncoding = 4; lastKnownFileType = sourcecode.c.h; path = DomainrAppDelegate.h; sourceTree = "<group>"; };
		1D3623250D0F684500981E51 /* DomainrAppDelegate.m */ = {isa = PBXFileReference; fileEncoding = 4; lastKnownFileType = sourcecode.c.objc; path = DomainrAppDelegate.m; sourceTree = "<group>"; };
		1D6058910D05DD3D006BFB54 /* Domainr.app */ = {isa = PBXFileReference; explicitFileType = wrapper.application; includeInIndex = 0; path = Domainr.app; sourceTree = BUILT_PRODUCTS_DIR; };
		1DF5F4DF0D08C38300B7A737 /* UIKit.framework */ = {isa = PBXFileReference; lastKnownFileType = wrapper.framework; name = UIKit.framework; path = System/Library/Frameworks/UIKit.framework; sourceTree = SDKROOT; };
		288765FC0DF74451002DB57D /* CoreGraphics.framework */ = {isa = PBXFileReference; lastKnownFileType = wrapper.framework; name = CoreGraphics.framework; path = System/Library/Frameworks/CoreGraphics.framework; sourceTree = SDKROOT; };
		28AD733E0D9D9553002E5188 /* MainWindow.xib */ = {isa = PBXFileReference; lastKnownFileType = file.xib; path = MainWindow.xib; sourceTree = "<group>"; };
		29B97316FDCFA39411CA2CEA /* main.m */ = {isa = PBXFileReference; fileEncoding = 4; lastKnownFileType = sourcecode.c.objc; path = main.m; sourceTree = "<group>"; };
		32CA4F630368D1EE00C91783 /* Domainr_Prefix.pch */ = {isa = PBXFileReference; fileEncoding = 4; lastKnownFileType = sourcecode.c.h; path = Domainr_Prefix.pch; sourceTree = "<group>"; };
		8D1107310486CEB800E47090 /* Domainr-Info.plist */ = {isa = PBXFileReference; fileEncoding = 4; lastKnownFileType = text.plist.xml; path = "Domainr-Info.plist"; plistStructureDefinitionIdentifier = "com.apple.xcode.plist.structure-definition.iphone.info-plist"; sourceTree = "<group>"; };
		BA569DBA108DAD53004D5EB6 /* TopShadow.png */ = {isa = PBXFileReference; lastKnownFileType = image.png; path = TopShadow.png; sourceTree = "<group>"; };
		BA6F3390107996B7002A3A22 /* UITableView+Extensions.m */ = {isa = PBXFileReference; fileEncoding = 4; lastKnownFileType = sourcecode.c.objc; path = "UITableView+Extensions.m"; sourceTree = "<group>"; };
		BA6F3391107996B7002A3A22 /* UITableView+Extensions.h */ = {isa = PBXFileReference; fileEncoding = 4; lastKnownFileType = sourcecode.c.h; path = "UITableView+Extensions.h"; sourceTree = "<group>"; };
		BA6F3393107996BF002A3A22 /* NSObject+Extensions.m */ = {isa = PBXFileReference; fileEncoding = 4; lastKnownFileType = sourcecode.c.objc; path = "NSObject+Extensions.m"; sourceTree = "<group>"; };
		BA6F3394107996BF002A3A22 /* NSObject+Extensions.h */ = {isa = PBXFileReference; fileEncoding = 4; lastKnownFileType = sourcecode.c.h; path = "NSObject+Extensions.h"; sourceTree = "<group>"; };
		BA6F33AC10799736002A3A22 /* NSUserDefaults+Extensions.m */ = {isa = PBXFileReference; fileEncoding = 4; lastKnownFileType = sourcecode.c.objc; path = "NSUserDefaults+Extensions.m"; sourceTree = "<group>"; };
		BA6F33AD10799736002A3A22 /* NSUserDefaults+Extensions.h */ = {isa = PBXFileReference; fileEncoding = 4; lastKnownFileType = sourcecode.c.h; path = "NSUserDefaults+Extensions.h"; sourceTree = "<group>"; };
		BA8A7D840FE4E44D00D5907E /* tld.png */ = {isa = PBXFileReference; lastKnownFileType = image.png; path = tld.png; sourceTree = "<group>"; };
		BA9D0D2F0FCA4E7100E2B262 /* MainViewController.h */ = {isa = PBXFileReference; fileEncoding = 4; lastKnownFileType = sourcecode.c.h; path = MainViewController.h; sourceTree = "<group>"; };
		BA9D0D300FCA4E7100E2B262 /* MainViewController.m */ = {isa = PBXFileReference; fileEncoding = 4; lastKnownFileType = sourcecode.c.objc; path = MainViewController.m; sourceTree = "<group>"; };
		BA9D0D380FCA4FC000E2B262 /* CDataScanner.h */ = {isa = PBXFileReference; fileEncoding = 4; lastKnownFileType = sourcecode.c.h; path = CDataScanner.h; sourceTree = "<group>"; };
		BA9D0D390FCA4FC000E2B262 /* CDataScanner.m */ = {isa = PBXFileReference; fileEncoding = 4; lastKnownFileType = sourcecode.c.objc; path = CDataScanner.m; sourceTree = "<group>"; };
		BA9D0D3A0FCA4FC000E2B262 /* CDataScanner_Extensions.h */ = {isa = PBXFileReference; fileEncoding = 4; lastKnownFileType = sourcecode.c.h; path = CDataScanner_Extensions.h; sourceTree = "<group>"; };
		BA9D0D3B0FCA4FC000E2B262 /* CDataScanner_Extensions.m */ = {isa = PBXFileReference; fileEncoding = 4; lastKnownFileType = sourcecode.c.objc; path = CDataScanner_Extensions.m; sourceTree = "<group>"; };
		BA9D0D3C0FCA4FC000E2B262 /* NSCharacterSet_Extensions.h */ = {isa = PBXFileReference; fileEncoding = 4; lastKnownFileType = sourcecode.c.h; path = NSCharacterSet_Extensions.h; sourceTree = "<group>"; };
		BA9D0D3D0FCA4FC000E2B262 /* NSCharacterSet_Extensions.m */ = {isa = PBXFileReference; fileEncoding = 4; lastKnownFileType = sourcecode.c.objc; path = NSCharacterSet_Extensions.m; sourceTree = "<group>"; };
		BA9D0D3E0FCA4FC000E2B262 /* NSDictionary_JSONExtensions.h */ = {isa = PBXFileReference; fileEncoding = 4; lastKnownFileType = sourcecode.c.h; path = NSDictionary_JSONExtensions.h; sourceTree = "<group>"; };
		BA9D0D3F0FCA4FC000E2B262 /* NSDictionary_JSONExtensions.m */ = {isa = PBXFileReference; fileEncoding = 4; lastKnownFileType = sourcecode.c.objc; path = NSDictionary_JSONExtensions.m; sourceTree = "<group>"; };
		BA9D0D400FCA4FC000E2B262 /* NSScanner_Extensions.h */ = {isa = PBXFileReference; fileEncoding = 4; lastKnownFileType = sourcecode.c.h; path = NSScanner_Extensions.h; sourceTree = "<group>"; };
		BA9D0D410FCA4FC000E2B262 /* NSScanner_Extensions.m */ = {isa = PBXFileReference; fileEncoding = 4; lastKnownFileType = sourcecode.c.objc; path = NSScanner_Extensions.m; sourceTree = "<group>"; };
		BA9D0D420FCA4FC000E2B262 /* CJSONDeserializer.h */ = {isa = PBXFileReference; fileEncoding = 4; lastKnownFileType = sourcecode.c.h; path = CJSONDeserializer.h; sourceTree = "<group>"; };
		BA9D0D430FCA4FC000E2B262 /* CJSONDeserializer.m */ = {isa = PBXFileReference; fileEncoding = 4; lastKnownFileType = sourcecode.c.objc; path = CJSONDeserializer.m; sourceTree = "<group>"; };
		BA9D0D440FCA4FC100E2B262 /* CJSONScanner.h */ = {isa = PBXFileReference; fileEncoding = 4; lastKnownFileType = sourcecode.c.h; path = CJSONScanner.h; sourceTree = "<group>"; };
		BA9D0D450FCA4FC100E2B262 /* CJSONScanner.m */ = {isa = PBXFileReference; fileEncoding = 4; lastKnownFileType = sourcecode.c.objc; path = CJSONScanner.m; sourceTree = "<group>"; };
		BA9D0D460FCA4FC100E2B262 /* CJSONSerializer.h */ = {isa = PBXFileReference; fileEncoding = 4; lastKnownFileType = sourcecode.c.h; path = CJSONSerializer.h; sourceTree = "<group>"; };
		BA9D0D470FCA4FC100E2B262 /* CJSONSerializer.m */ = {isa = PBXFileReference; fileEncoding = 4; lastKnownFileType = sourcecode.c.objc; path = CJSONSerializer.m; sourceTree = "<group>"; };
		BA9D0DD40FCA5FDB00E2B262 /* libsqlite3.0.dylib */ = {isa = PBXFileReference; lastKnownFileType = "compiled.mach-o.dylib"; name = libsqlite3.0.dylib; path = usr/lib/libsqlite3.0.dylib; sourceTree = SDKROOT; };
		BA9D0DD60FCA5FE900E2B262 /* CoreLocation.framework */ = {isa = PBXFileReference; lastKnownFileType = wrapper.framework; name = CoreLocation.framework; path = System/Library/Frameworks/CoreLocation.framework; sourceTree = SDKROOT; };
		BA9D0DDA0FCA602300E2B262 /* SystemConfiguration.framework */ = {isa = PBXFileReference; lastKnownFileType = wrapper.framework; name = SystemConfiguration.framework; path = System/Library/Frameworks/SystemConfiguration.framework; sourceTree = SDKROOT; };
		BA9D0EF00FCA67B600E2B262 /* maybe.png */ = {isa = PBXFileReference; lastKnownFileType = image.png; path = maybe.png; sourceTree = "<group>"; };
		BA9D0EF20FCA67BA00E2B262 /* available.png */ = {isa = PBXFileReference; lastKnownFileType = image.png; path = available.png; sourceTree = "<group>"; };
		BA9D0EF60FCA682700E2B262 /* ResultCell.h */ = {isa = PBXFileReference; fileEncoding = 4; lastKnownFileType = sourcecode.c.h; path = ResultCell.h; sourceTree = "<group>"; };
		BA9D0EF70FCA682700E2B262 /* ResultCell.m */ = {isa = PBXFileReference; fileEncoding = 4; lastKnownFileType = sourcecode.c.objc; path = ResultCell.m; sourceTree = "<group>"; };
		BA9D0F180FCA69F000E2B262 /* taken.png */ = {isa = PBXFileReference; lastKnownFileType = image.png; path = taken.png; sourceTree = "<group>"; };
		BA9D10F10FCA8DA200E2B262 /* Entitlements.plist */ = {isa = PBXFileReference; fileEncoding = 4; lastKnownFileType = text.plist.xml; path = Entitlements.plist; sourceTree = "<group>"; };
		BA9D11150FCA8F4300E2B262 /* icon.png */ = {isa = PBXFileReference; lastKnownFileType = image.png; path = icon.png; sourceTree = "<group>"; };
		BAAD93C1108C01AA00A27DC6 /* NSString+Extensions.m */ = {isa = PBXFileReference; fileEncoding = 4; lastKnownFileType = sourcecode.c.objc; path = "NSString+Extensions.m"; sourceTree = "<group>"; };
		BAAD93C2108C01AA00A27DC6 /* NSString+Extensions.h */ = {isa = PBXFileReference; fileEncoding = 4; lastKnownFileType = sourcecode.c.h; path = "NSString+Extensions.h"; sourceTree = "<group>"; };
		BAAD93E0108C1D3200A27DC6 /* NSScanner+Extensions.m */ = {isa = PBXFileReference; fileEncoding = 4; lastKnownFileType = sourcecode.c.objc; path = "NSScanner+Extensions.m"; sourceTree = "<group>"; };
		BAAD93E1108C1D3200A27DC6 /* NSScanner+Extensions.h */ = {isa = PBXFileReference; fileEncoding = 4; lastKnownFileType = sourcecode.c.h; path = "NSScanner+Extensions.h"; sourceTree = "<group>"; };
		BAAD9406108C1DC700A27DC6 /* MainViewController.xib */ = {isa = PBXFileReference; lastKnownFileType = file.xib; name = MainViewController.xib; path = ../MainViewController.xib; sourceTree = "<group>"; };
		BAAD945E108C253900A27DC6 /* Reachability.h */ = {isa = PBXFileReference; fileEncoding = 4; lastKnownFileType = sourcecode.c.h; path = Reachability.h; sourceTree = "<group>"; };
		BAAD945F108C253900A27DC6 /* Reachability.m */ = {isa = PBXFileReference; fileEncoding = 4; lastKnownFileType = sourcecode.c.objc; path = Reachability.m; sourceTree = "<group>"; };
		BAD5C018107D9C4000C819F4 /* Result.h */ = {isa = PBXFileReference; fileEncoding = 4; lastKnownFileType = sourcecode.c.h; path = Result.h; sourceTree = "<group>"; };
		BAD5C019107D9C4000C819F4 /* Result.m */ = {isa = PBXFileReference; fileEncoding = 4; lastKnownFileType = sourcecode.c.objc; path = Result.m; sourceTree = "<group>"; };
/* End PBXFileReference section */

/* Begin PBXFrameworksBuildPhase section */
		1D60588F0D05DD3D006BFB54 /* Frameworks */ = {
			isa = PBXFrameworksBuildPhase;
			buildActionMask = 2147483647;
			files = (
				1D60589F0D05DD5A006BFB54 /* Foundation.framework in Frameworks */,
				1DF5F4E00D08C38300B7A737 /* UIKit.framework in Frameworks */,
				288765FD0DF74451002DB57D /* CoreGraphics.framework in Frameworks */,
				BA9D0DD50FCA5FDB00E2B262 /* libsqlite3.0.dylib in Frameworks */,
				BA9D0DD70FCA5FE900E2B262 /* CoreLocation.framework in Frameworks */,
				BA9D0DDB0FCA602300E2B262 /* SystemConfiguration.framework in Frameworks */,
			);
			runOnlyForDeploymentPostprocessing = 0;
		};
/* End PBXFrameworksBuildPhase section */

/* Begin PBXGroup section */
		080E96DDFE201D6D7F000001 /* Classes */ = {
			isa = PBXGroup;
			children = (
				1D3623240D0F684500981E51 /* DomainrAppDelegate.h */,
				1D3623250D0F684500981E51 /* DomainrAppDelegate.m */,
				BAAD9406108C1DC700A27DC6 /* MainViewController.xib */,
				BA9D0D2F0FCA4E7100E2B262 /* MainViewController.h */,
				BA9D0D300FCA4E7100E2B262 /* MainViewController.m */,
				BAD5C018107D9C4000C819F4 /* Result.h */,
				BAD5C019107D9C4000C819F4 /* Result.m */,
				BA9D0EF60FCA682700E2B262 /* ResultCell.h */,
				BA9D0EF70FCA682700E2B262 /* ResultCell.m */,
			);
			path = Classes;
			sourceTree = "<group>";
		};
		19C28FACFE9D520D11CA2CBB /* Products */ = {
			isa = PBXGroup;
			children = (
				1D6058910D05DD3D006BFB54 /* Domainr.app */,
			);
			name = Products;
			sourceTree = "<group>";
		};
		29B97314FDCFA39411CA2CEA /* CustomTemplate */ = {
			isa = PBXGroup;
			children = (
				BA9D0D370FCA4FC000E2B262 /* CJSON */,
				BA754CD1107987370024A629 /* Foundation */,
				080E96DDFE201D6D7F000001 /* Classes */,
				BA9D0D500FCA4FCF00E2B262 /* images */,
				29B97317FDCFA39411CA2CEA /* Resources */,
				29B97315FDCFA39411CA2CEA /* Other Sources */,
				29B97323FDCFA39411CA2CEA /* Frameworks */,
				19C28FACFE9D520D11CA2CBB /* Products */,
			);
			name = CustomTemplate;
			sourceTree = "<group>";
		};
		29B97315FDCFA39411CA2CEA /* Other Sources */ = {
			isa = PBXGroup;
			children = (
				32CA4F630368D1EE00C91783 /* Domainr_Prefix.pch */,
				29B97316FDCFA39411CA2CEA /* main.m */,
			);
			name = "Other Sources";
			sourceTree = "<group>";
		};
		29B97317FDCFA39411CA2CEA /* Resources */ = {
			isa = PBXGroup;
			children = (
				28AD733E0D9D9553002E5188 /* MainWindow.xib */,
				BA9D10F10FCA8DA200E2B262 /* Entitlements.plist */,
				8D1107310486CEB800E47090 /* Domainr-Info.plist */,
			);
			name = Resources;
			sourceTree = "<group>";
		};
		29B97323FDCFA39411CA2CEA /* Frameworks */ = {
			isa = PBXGroup;
			children = (
				BA9D0DD40FCA5FDB00E2B262 /* libsqlite3.0.dylib */,
				BA9D0DD60FCA5FE900E2B262 /* CoreLocation.framework */,
				BA9D0DDA0FCA602300E2B262 /* SystemConfiguration.framework */,
				1DF5F4DF0D08C38300B7A737 /* UIKit.framework */,
				1D30AB110D05D00D00671497 /* Foundation.framework */,
				288765FC0DF74451002DB57D /* CoreGraphics.framework */,
			);
			name = Frameworks;
			sourceTree = "<group>";
		};
		BA754CD1107987370024A629 /* Foundation */ = {
			isa = PBXGroup;
			children = (
				BA6F33AD10799736002A3A22 /* NSUserDefaults+Extensions.h */,
				BA6F33AC10799736002A3A22 /* NSUserDefaults+Extensions.m */,
				BA6F3391107996B7002A3A22 /* UITableView+Extensions.h */,
				BA6F3390107996B7002A3A22 /* UITableView+Extensions.m */,
				BAAD93C2108C01AA00A27DC6 /* NSString+Extensions.h */,
				BAAD93C1108C01AA00A27DC6 /* NSString+Extensions.m */,
				BAAD93E1108C1D3200A27DC6 /* NSScanner+Extensions.h */,
				BAAD93E0108C1D3200A27DC6 /* NSScanner+Extensions.m */,
				BA6F3394107996BF002A3A22 /* NSObject+Extensions.h */,
				BA6F3393107996BF002A3A22 /* NSObject+Extensions.m */,
				BAAD945E108C253900A27DC6 /* Reachability.h */,
				BAAD945F108C253900A27DC6 /* Reachability.m */,
			);
			name = Foundation;
			sourceTree = "<group>";
		};
		BA9D0D370FCA4FC000E2B262 /* CJSON */ = {
			isa = PBXGroup;
			children = (
				BA9D0D380FCA4FC000E2B262 /* CDataScanner.h */,
				BA9D0D390FCA4FC000E2B262 /* CDataScanner.m */,
				BA9D0D3A0FCA4FC000E2B262 /* CDataScanner_Extensions.h */,
				BA9D0D3B0FCA4FC000E2B262 /* CDataScanner_Extensions.m */,
				BA9D0D3C0FCA4FC000E2B262 /* NSCharacterSet_Extensions.h */,
				BA9D0D3D0FCA4FC000E2B262 /* NSCharacterSet_Extensions.m */,
				BA9D0D3E0FCA4FC000E2B262 /* NSDictionary_JSONExtensions.h */,
				BA9D0D3F0FCA4FC000E2B262 /* NSDictionary_JSONExtensions.m */,
				BA9D0D400FCA4FC000E2B262 /* NSScanner_Extensions.h */,
				BA9D0D410FCA4FC000E2B262 /* NSScanner_Extensions.m */,
				BA9D0D420FCA4FC000E2B262 /* CJSONDeserializer.h */,
				BA9D0D430FCA4FC000E2B262 /* CJSONDeserializer.m */,
				BA9D0D440FCA4FC100E2B262 /* CJSONScanner.h */,
				BA9D0D450FCA4FC100E2B262 /* CJSONScanner.m */,
				BA9D0D460FCA4FC100E2B262 /* CJSONSerializer.h */,
				BA9D0D470FCA4FC100E2B262 /* CJSONSerializer.m */,
			);
			name = CJSON;
			sourceTree = "<group>";
		};
		BA9D0D500FCA4FCF00E2B262 /* images */ = {
			isa = PBXGroup;
			children = (
				BA569DBA108DAD53004D5EB6 /* TopShadow.png */,
				BA9D11150FCA8F4300E2B262 /* icon.png */,
				BA8A7D840FE4E44D00D5907E /* tld.png */,
				BA9D0F180FCA69F000E2B262 /* taken.png */,
				BA9D0EF00FCA67B600E2B262 /* maybe.png */,
				BA9D0EF20FCA67BA00E2B262 /* available.png */,
			);
			name = images;
			sourceTree = "<group>";
		};
/* End PBXGroup section */

/* Begin PBXNativeTarget section */
		1D6058900D05DD3D006BFB54 /* Domainr */ = {
			isa = PBXNativeTarget;
			buildConfigurationList = 1D6058960D05DD3E006BFB54 /* Build configuration list for PBXNativeTarget "Domainr" */;
			buildPhases = (
				1D60588D0D05DD3D006BFB54 /* Resources */,
				1D60588E0D05DD3D006BFB54 /* Sources */,
				1D60588F0D05DD3D006BFB54 /* Frameworks */,
			);
			buildRules = (
			);
			dependencies = (
			);
			name = Domainr;
			productName = Domainr;
			productReference = 1D6058910D05DD3D006BFB54 /* Domainr.app */;
			productType = "com.apple.product-type.application";
		};
/* End PBXNativeTarget section */

/* Begin PBXProject section */
		29B97313FDCFA39411CA2CEA /* Project object */ = {
			isa = PBXProject;
			buildConfigurationList = C01FCF4E08A954540054247B /* Build configuration list for PBXProject "Domainr" */;
			compatibilityVersion = "Xcode 3.1";
			hasScannedForEncodings = 1;
			mainGroup = 29B97314FDCFA39411CA2CEA /* CustomTemplate */;
			projectDirPath = "";
			projectRoot = "";
			targets = (
				1D6058900D05DD3D006BFB54 /* Domainr */,
			);
		};
/* End PBXProject section */

/* Begin PBXResourcesBuildPhase section */
		1D60588D0D05DD3D006BFB54 /* Resources */ = {
			isa = PBXResourcesBuildPhase;
			buildActionMask = 2147483647;
			files = (
				28AD733F0D9D9553002E5188 /* MainWindow.xib in Resources */,
				BA9D0EF10FCA67B600E2B262 /* maybe.png in Resources */,
				BA9D0EF30FCA67BA00E2B262 /* available.png in Resources */,
				BA9D0F190FCA69F000E2B262 /* taken.png in Resources */,
				BA9D10F20FCA8DA200E2B262 /* Entitlements.plist in Resources */,
				BA9D11160FCA8F4300E2B262 /* icon.png in Resources */,
				BA8A7D850FE4E44D00D5907E /* tld.png in Resources */,
				BAAD9407108C1DC700A27DC6 /* MainViewController.xib in Resources */,
				BA569DBB108DAD53004D5EB6 /* TopShadow.png in Resources */,
			);
			runOnlyForDeploymentPostprocessing = 0;
		};
/* End PBXResourcesBuildPhase section */

/* Begin PBXSourcesBuildPhase section */
		1D60588E0D05DD3D006BFB54 /* Sources */ = {
			isa = PBXSourcesBuildPhase;
			buildActionMask = 2147483647;
			files = (
				1D60589B0D05DD56006BFB54 /* main.m in Sources */,
				1D3623260D0F684500981E51 /* DomainrAppDelegate.m in Sources */,
				BA9D0D310FCA4E7100E2B262 /* MainViewController.m in Sources */,
				BA9D0D480FCA4FC100E2B262 /* CDataScanner.m in Sources */,
				BA9D0D490FCA4FC100E2B262 /* CDataScanner_Extensions.m in Sources */,
				BA9D0D4A0FCA4FC100E2B262 /* NSCharacterSet_Extensions.m in Sources */,
				BA9D0D4B0FCA4FC100E2B262 /* NSDictionary_JSONExtensions.m in Sources */,
				BA9D0D4C0FCA4FC100E2B262 /* NSScanner_Extensions.m in Sources */,
				BA9D0D4D0FCA4FC100E2B262 /* CJSONDeserializer.m in Sources */,
				BA9D0D4E0FCA4FC100E2B262 /* CJSONScanner.m in Sources */,
				BA9D0D4F0FCA4FC100E2B262 /* CJSONSerializer.m in Sources */,
				BA9D0EFB0FCA682700E2B262 /* ResultCell.m in Sources */,
				BA6F3392107996B7002A3A22 /* UITableView+Extensions.m in Sources */,
				BA6F3395107996BF002A3A22 /* NSObject+Extensions.m in Sources */,
				BA6F33AE10799736002A3A22 /* NSUserDefaults+Extensions.m in Sources */,
				BAD5C01A107D9C4000C819F4 /* Result.m in Sources */,
				BAAD93C3108C01AA00A27DC6 /* NSString+Extensions.m in Sources */,
				BAAD93E2108C1D3200A27DC6 /* NSScanner+Extensions.m in Sources */,
				BAAD9460108C253900A27DC6 /* Reachability.m in Sources */,
			);
			runOnlyForDeploymentPostprocessing = 0;
		};
/* End PBXSourcesBuildPhase section */

/* Begin XCBuildConfiguration section */
		1D6058940D05DD3E006BFB54 /* Debug */ = {
			isa = XCBuildConfiguration;
			buildSettings = {
				ALWAYS_SEARCH_USER_PATHS = NO;
				COPY_PHASE_STRIP = NO;
				GCC_DYNAMIC_NO_PIC = NO;
				GCC_OPTIMIZATION_LEVEL = 0;
				GCC_PRECOMPILE_PREFIX_HEADER = YES;
				GCC_PREFIX_HEADER = Domainr_Prefix.pch;
				INFOPLIST_FILE = "Domainr-Info.plist";
				LIBRARY_SEARCH_PATHS = (
					"$(inherited)",
					"\"$(SRCROOT)\"",
				);
				PRODUCT_NAME = Domainr;
			};
			name = Debug;
		};
		1D6058950D05DD3E006BFB54 /* Release */ = {
			isa = XCBuildConfiguration;
			buildSettings = {
				ALWAYS_SEARCH_USER_PATHS = NO;
				COPY_PHASE_STRIP = YES;
				GCC_PRECOMPILE_PREFIX_HEADER = YES;
				GCC_PREFIX_HEADER = Domainr_Prefix.pch;
				INFOPLIST_FILE = "Domainr-Info.plist";
				LIBRARY_SEARCH_PATHS = (
					"$(inherited)",
					"\"$(SRCROOT)\"",
				);
				PRODUCT_NAME = Domainr;
			};
			name = Release;
		};
		BA9D11090FCA8DF500E2B262 /* AdHoc */ = {
			isa = XCBuildConfiguration;
			buildSettings = {
				ARCHS = "$(ARCHS_STANDARD_32_BIT)";
				CODE_SIGN_ENTITLEMENTS = Entitlements.plist;
				"CODE_SIGN_IDENTITY[sdk=iphoneos*]" = "iPhone Distribution: Sahil Desai";
				GCC_C_LANGUAGE_STANDARD = c99;
				GCC_WARN_ABOUT_RETURN_TYPE = YES;
				GCC_WARN_UNUSED_VARIABLE = YES;
				PREBINDING = NO;
				"PROVISIONING_PROFILE[sdk=iphoneos*]" = "614F1E8E-1E02-4D1D-ADF6-E53EC46B5E8D";
				SDKROOT = iphoneos3.0;
			};
			name = AdHoc;
		};
		BA9D110A0FCA8DF500E2B262 /* AdHoc */ = {
			isa = XCBuildConfiguration;
			buildSettings = {
				ALWAYS_SEARCH_USER_PATHS = NO;
				COPY_PHASE_STRIP = YES;
				GCC_PRECOMPILE_PREFIX_HEADER = YES;
				GCC_PREFIX_HEADER = Domainr_Prefix.pch;
				INFOPLIST_FILE = "Domainr-Info.plist";
				LIBRARY_SEARCH_PATHS = (
					"$(inherited)",
					"\"$(SRCROOT)\"",
				);
				PRODUCT_NAME = Domainr;
			};
			name = AdHoc;
		};
		C01FCF4F08A954540054247B /* Debug */ = {
			isa = XCBuildConfiguration;
			buildSettings = {
				ARCHS = "$(ARCHS_STANDARD_32_BIT)";
				"CODE_SIGN_IDENTITY[sdk=iphoneos*]" = "iPhone Developer: Sahil Desai";
				GCC_C_LANGUAGE_STANDARD = c99;
				GCC_WARN_ABOUT_RETURN_TYPE = YES;
				GCC_WARN_UNUSED_VARIABLE = YES;
				ONLY_ACTIVE_ARCH = YES;
				PREBINDING = NO;
				PRECOMPS_INCLUDE_HEADERS_FROM_BUILT_PRODUCTS_DIR = YES;
				"PROVISIONING_PROFILE[sdk=iphoneos*]" = "AA8F3F88-0652-444C-A4F7-48F779DC3373";
				SDKROOT = iphoneos3.0;
			};
			name = Debug;
		};
		C01FCF5008A954540054247B /* Release */ = {
			isa = XCBuildConfiguration;
			buildSettings = {
				ARCHS = "$(ARCHS_STANDARD_32_BIT)";
				"CODE_SIGN_IDENTITY[sdk=iphoneos*]" = "iPhone Developer";
				GCC_C_LANGUAGE_STANDARD = c99;
				GCC_WARN_ABOUT_RETURN_TYPE = YES;
				GCC_WARN_UNUSED_VARIABLE = YES;
				PREBINDING = NO;
				SDKROOT = iphoneos3.0;
			};
			name = Release;
		};
/* End XCBuildConfiguration section */

/* Begin XCConfigurationList section */
		1D6058960D05DD3E006BFB54 /* Build configuration list for PBXNativeTarget "Domainr" */ = {
			isa = XCConfigurationList;
			buildConfigurations = (
				1D6058940D05DD3E006BFB54 /* Debug */,
				BA9D110A0FCA8DF500E2B262 /* AdHoc */,
				1D6058950D05DD3E006BFB54 /* Release */,
			);
			defaultConfigurationIsVisible = 0;
			defaultConfigurationName = Release;
		};
		C01FCF4E08A954540054247B /* Build configuration list for PBXProject "Domainr" */ = {
			isa = XCConfigurationList;
			buildConfigurations = (
				C01FCF4F08A954540054247B /* Debug */,
				BA9D11090FCA8DF500E2B262 /* AdHoc */,
				C01FCF5008A954540054247B /* Release */,
			);
			defaultConfigurationIsVisible = 0;
			defaultConfigurationName = Release;
		};
/* End XCConfigurationList section */
	};
	rootObject = 29B97313FDCFA39411CA2CEA /* Project object */;
}
